
Microsoft Visual Studio Solution File, Format Version 12.00
# Visual Studio Version 17
VisualStudioVersion = 17.10.35013.160
MinimumVisualStudioVersion = 10.0.40219.1
Project("{FAE04EC0-301F-11D3-BF4B-00C04F79EFBC}") = "Animalsity_proj", "Animalsity_proj\Animalsity_proj.csproj", "{EBFFEC23-7062-4624-A8CE-E10D5676B7BD}"
EndProject
Global
	GlobalSection(SolutionConfigurationPlatforms) = preSolution
		Debug|Any CPU = Debug|Any CPU
		Release|Any CPU = Release|Any CPU
	EndGlobalSection
	GlobalSection(ProjectConfigurationPlatforms) = postSolution
		{EBFFEC23-7062-4624-A8CE-E10D5676B7BD}.Debug|Any CPU.ActiveCfg = Debug|Any CPU
		{EBFFEC23-7062-4624-A8CE-E10D5676B7BD}.Debug|Any CPU.Build.0 = Debug|Any CPU
		{EBFFEC23-7062-4624-A8CE-E10D5676B7BD}.Release|Any CPU.ActiveCfg = Release|Any CPU
		{EBFFEC23-7062-4624-A8CE-E10D5676B7BD}.Release|Any CPU.Build.0 = Release|Any CPU
	EndGlobalSection
	GlobalSection(SolutionProperties) = preSolution
		HideSolutionNode = FALSE
	EndGlobalSection
	GlobalSection(ExtensibilityGlobals) = postSolution
		SolutionGuid = {A336C43F-652E-406D-8922-106E61441106}
	EndGlobalSection
EndGlobal
